
Microsoft Visual Studio Solution File, Format Version 12.00
# Visual Studio 15
VisualStudioVersion = 15.0.27428.2027
MinimumVisualStudioVersion = 10.0.40219.1
Project("{FAE04EC0-301F-11D3-BF4B-00C04F79EFBC}") = "Product inventory", "Product inventory\Product inventory.csproj", "{FCCE8087-0139-47A8-9A2C-52D20FD63823}"
EndProject
Global
	GlobalSection(SolutionConfigurationPlatforms) = preSolution
		Debug|Any CPU = Debug|Any CPU
		Release|Any CPU = Release|Any CPU
	EndGlobalSection
	GlobalSection(ProjectConfigurationPlatforms) = postSolution
		{FCCE8087-0139-47A8-9A2C-52D20FD63823}.Debug|Any CPU.ActiveCfg = Debug|Any CPU
		{FCCE8087-0139-47A8-9A2C-52D20FD63823}.Debug|Any CPU.Build.0 = Debug|Any CPU
		{FCCE8087-0139-47A8-9A2C-52D20FD63823}.Release|Any CPU.ActiveCfg = Release|Any CPU
		{FCCE8087-0139-47A8-9A2C-52D20FD63823}.Release|Any CPU.Build.0 = Release|Any CPU
	EndGlobalSection
	GlobalSection(SolutionProperties) = preSolution
		HideSolutionNode = FALSE
	EndGlobalSection
	GlobalSection(ExtensibilityGlobals) = postSolution
		SolutionGuid = {90DCA85D-7E86-4267-A72C-B5309E2D33C8}
	EndGlobalSection
EndGlobal
